
Microsoft Visual Studio Solution File, Format Version 12.00
# Visual Studio Version 16
VisualStudioVersion = 16.0.30320.27
MinimumVisualStudioVersion = 10.0.40219.1
Project("{FAE04EC0-301F-11D3-BF4B-00C04F79EFBC}") = "DataAccess", "DataAccess\DataAccess.csproj", "{A5AC459D-6C0A-4D6E-AD65-ECB3E0FEC3A7}"
EndProject
Project("{FAE04EC0-301F-11D3-BF4B-00C04F79EFBC}") = "RecipeData", "PersonData\RecipeData.csproj", "{D51AA58C-05B9-4A7D-9F80-CCEBF8A0EAF0}"
EndProject
Project("{2150E333-8FDC-42A3-9474-1A3956D46DE8}") = "Solution Items", "Solution Items", "{377496C4-13EB-4477-9A08-FB4D048D8F3D}"
EndProject
Project("{FAE04EC0-301F-11D3-BF4B-00C04F79EFBC}") = "RecipeRepositoryApp", "RecipeRepositoryApp\RecipeRepositoryApp.csproj", "{BDCC8E42-A6CC-402F-A46A-DE9C19F30857}"
EndProject
Global
	GlobalSection(SolutionConfigurationPlatforms) = preSolution
		Debug|Any CPU = Debug|Any CPU
		Release|Any CPU = Release|Any CPU
	EndGlobalSection
	GlobalSection(ProjectConfigurationPlatforms) = postSolution
		{A5AC459D-6C0A-4D6E-AD65-ECB3E0FEC3A7}.Debug|Any CPU.ActiveCfg = Debug|Any CPU
		{A5AC459D-6C0A-4D6E-AD65-ECB3E0FEC3A7}.Debug|Any CPU.Build.0 = Debug|Any CPU
		{A5AC459D-6C0A-4D6E-AD65-ECB3E0FEC3A7}.Release|Any CPU.ActiveCfg = Release|Any CPU
		{A5AC459D-6C0A-4D6E-AD65-ECB3E0FEC3A7}.Release|Any CPU.Build.0 = Release|Any CPU
		{D51AA58C-05B9-4A7D-9F80-CCEBF8A0EAF0}.Debug|Any CPU.ActiveCfg = Debug|Any CPU
		{D51AA58C-05B9-4A7D-9F80-CCEBF8A0EAF0}.Debug|Any CPU.Build.0 = Debug|Any CPU
		{D51AA58C-05B9-4A7D-9F80-CCEBF8A0EAF0}.Release|Any CPU.ActiveCfg = Release|Any CPU
		{D51AA58C-05B9-4A7D-9F80-CCEBF8A0EAF0}.Release|Any CPU.Build.0 = Release|Any CPU
		{BDCC8E42-A6CC-402F-A46A-DE9C19F30857}.Debug|Any CPU.ActiveCfg = Debug|Any CPU
		{BDCC8E42-A6CC-402F-A46A-DE9C19F30857}.Debug|Any CPU.Build.0 = Debug|Any CPU
		{BDCC8E42-A6CC-402F-A46A-DE9C19F30857}.Release|Any CPU.ActiveCfg = Release|Any CPU
		{BDCC8E42-A6CC-402F-A46A-DE9C19F30857}.Release|Any CPU.Build.0 = Release|Any CPU
	EndGlobalSection
	GlobalSection(SolutionProperties) = preSolution
		HideSolutionNode = FALSE
	EndGlobalSection
	GlobalSection(ExtensibilityGlobals) = postSolution
		SolutionGuid = {60DDAEDE-952A-41D6-A720-0DE97968551F}
	EndGlobalSection
EndGlobal
